
Microsoft Visual Studio Solution File, Format Version 12.00
# Visual Studio Version 16
VisualStudioVersion = 16.0.33130.400
MinimumVisualStudioVersion = 10.0.40219.1
Project("{FAE04EC0-301F-11D3-BF4B-00C04F79EFBC}") = "Star1", "Star1\Star1.csproj", "{636A801B-9147-4144-B1DE-6B3B31798243}"
EndProject
Global
	GlobalSection(SolutionConfigurationPlatforms) = preSolution
		Debug|Any CPU = Debug|Any CPU
		Release|Any CPU = Release|Any CPU
	EndGlobalSection
	GlobalSection(ProjectConfigurationPlatforms) = postSolution
		{636A801B-9147-4144-B1DE-6B3B31798243}.Debug|Any CPU.ActiveCfg = Debug|Any CPU
		{636A801B-9147-4144-B1DE-6B3B31798243}.Debug|Any CPU.Build.0 = Debug|Any CPU
		{636A801B-9147-4144-B1DE-6B3B31798243}.Release|Any CPU.ActiveCfg = Release|Any CPU
		{636A801B-9147-4144-B1DE-6B3B31798243}.Release|Any CPU.Build.0 = Release|Any CPU
	EndGlobalSection
	GlobalSection(SolutionProperties) = preSolution
		HideSolutionNode = FALSE
	EndGlobalSection
	GlobalSection(ExtensibilityGlobals) = postSolution
		SolutionGuid = {423F7FAC-FAA3-42F5-9348-3182B0211F4D}
	EndGlobalSection
EndGlobal
