
Microsoft Visual Studio Solution File, Format Version 12.00
# Visual Studio Version 16
VisualStudioVersion = 16.0.33130.400
MinimumVisualStudioVersion = 10.0.40219.1
Project("{FAE04EC0-301F-11D3-BF4B-00C04F79EFBC}") = "Star2", "Star2.csproj", "{B132574B-EB22-4D8C-AA47-37D64880CFCA}"
EndProject
Global
	GlobalSection(SolutionConfigurationPlatforms) = preSolution
		Debug|Any CPU = Debug|Any CPU
		Release|Any CPU = Release|Any CPU
	EndGlobalSection
	GlobalSection(ProjectConfigurationPlatforms) = postSolution
		{B132574B-EB22-4D8C-AA47-37D64880CFCA}.Debug|Any CPU.ActiveCfg = Debug|Any CPU
		{B132574B-EB22-4D8C-AA47-37D64880CFCA}.Debug|Any CPU.Build.0 = Debug|Any CPU
		{B132574B-EB22-4D8C-AA47-37D64880CFCA}.Release|Any CPU.ActiveCfg = Release|Any CPU
		{B132574B-EB22-4D8C-AA47-37D64880CFCA}.Release|Any CPU.Build.0 = Release|Any CPU
	EndGlobalSection
	GlobalSection(SolutionProperties) = preSolution
		HideSolutionNode = FALSE
	EndGlobalSection
	GlobalSection(ExtensibilityGlobals) = postSolution
		SolutionGuid = {A8BDF9A2-C103-4598-A983-BEDB4063E6D3}
	EndGlobalSection
EndGlobal
