
Microsoft Visual Studio Solution File, Format Version 12.00
# Visual Studio Version 16
VisualStudioVersion = 16.0.33130.400
MinimumVisualStudioVersion = 10.0.40219.1
Project("{FAE04EC0-301F-11D3-BF4B-00C04F79EFBC}") = "star6", "star6.csproj", "{53958813-D918-4A3A-8474-C3EB31A9205D}"
EndProject
Global
	GlobalSection(SolutionConfigurationPlatforms) = preSolution
		Debug|Any CPU = Debug|Any CPU
		Release|Any CPU = Release|Any CPU
	EndGlobalSection
	GlobalSection(ProjectConfigurationPlatforms) = postSolution
		{53958813-D918-4A3A-8474-C3EB31A9205D}.Debug|Any CPU.ActiveCfg = Debug|Any CPU
		{53958813-D918-4A3A-8474-C3EB31A9205D}.Debug|Any CPU.Build.0 = Debug|Any CPU
		{53958813-D918-4A3A-8474-C3EB31A9205D}.Release|Any CPU.ActiveCfg = Release|Any CPU
		{53958813-D918-4A3A-8474-C3EB31A9205D}.Release|Any CPU.Build.0 = Release|Any CPU
	EndGlobalSection
	GlobalSection(SolutionProperties) = preSolution
		HideSolutionNode = FALSE
	EndGlobalSection
	GlobalSection(ExtensibilityGlobals) = postSolution
		SolutionGuid = {A3D8D31C-0C6A-439A-938C-C41BEC67979D}
	EndGlobalSection
EndGlobal
