
Microsoft Visual Studio Solution File, Format Version 12.00
# Visual Studio Version 16
VisualStudioVersion = 16.0.33130.400
MinimumVisualStudioVersion = 10.0.40219.1
Project("{FAE04EC0-301F-11D3-BF4B-00C04F79EFBC}") = "star12", "star12.csproj", "{C83D3AFD-8197-43CA-951B-31E2E9148090}"
EndProject
Global
	GlobalSection(SolutionConfigurationPlatforms) = preSolution
		Debug|Any CPU = Debug|Any CPU
		Release|Any CPU = Release|Any CPU
	EndGlobalSection
	GlobalSection(ProjectConfigurationPlatforms) = postSolution
		{C83D3AFD-8197-43CA-951B-31E2E9148090}.Debug|Any CPU.ActiveCfg = Debug|Any CPU
		{C83D3AFD-8197-43CA-951B-31E2E9148090}.Debug|Any CPU.Build.0 = Debug|Any CPU
		{C83D3AFD-8197-43CA-951B-31E2E9148090}.Release|Any CPU.ActiveCfg = Release|Any CPU
		{C83D3AFD-8197-43CA-951B-31E2E9148090}.Release|Any CPU.Build.0 = Release|Any CPU
	EndGlobalSection
	GlobalSection(SolutionProperties) = preSolution
		HideSolutionNode = FALSE
	EndGlobalSection
	GlobalSection(ExtensibilityGlobals) = postSolution
		SolutionGuid = {EAA70699-DF40-4503-BA65-F1C4EC6A765E}
	EndGlobalSection
EndGlobal
