
Microsoft Visual Studio Solution File, Format Version 12.00
# Visual Studio Version 16
VisualStudioVersion = 16.0.33130.400
MinimumVisualStudioVersion = 10.0.40219.1
Project("{FAE04EC0-301F-11D3-BF4B-00C04F79EFBC}") = "star9", "star9.csproj", "{D60D7D97-72B7-442A-9F19-A5C71D5C4C38}"
EndProject
Global
	GlobalSection(SolutionConfigurationPlatforms) = preSolution
		Debug|Any CPU = Debug|Any CPU
		Release|Any CPU = Release|Any CPU
	EndGlobalSection
	GlobalSection(ProjectConfigurationPlatforms) = postSolution
		{D60D7D97-72B7-442A-9F19-A5C71D5C4C38}.Debug|Any CPU.ActiveCfg = Debug|Any CPU
		{D60D7D97-72B7-442A-9F19-A5C71D5C4C38}.Debug|Any CPU.Build.0 = Debug|Any CPU
		{D60D7D97-72B7-442A-9F19-A5C71D5C4C38}.Release|Any CPU.ActiveCfg = Release|Any CPU
		{D60D7D97-72B7-442A-9F19-A5C71D5C4C38}.Release|Any CPU.Build.0 = Release|Any CPU
	EndGlobalSection
	GlobalSection(SolutionProperties) = preSolution
		HideSolutionNode = FALSE
	EndGlobalSection
	GlobalSection(ExtensibilityGlobals) = postSolution
		SolutionGuid = {52E52EA6-23F9-4FCE-826D-93EE2788938D}
	EndGlobalSection
EndGlobal
