
Microsoft Visual Studio Solution File, Format Version 12.00
# Visual Studio Version 16
VisualStudioVersion = 16.0.33130.400
MinimumVisualStudioVersion = 10.0.40219.1
Project("{FAE04EC0-301F-11D3-BF4B-00C04F79EFBC}") = "star10", "star10.csproj", "{722332A6-705F-408D-8710-05C27E17357C}"
EndProject
Global
	GlobalSection(SolutionConfigurationPlatforms) = preSolution
		Debug|Any CPU = Debug|Any CPU
		Release|Any CPU = Release|Any CPU
	EndGlobalSection
	GlobalSection(ProjectConfigurationPlatforms) = postSolution
		{722332A6-705F-408D-8710-05C27E17357C}.Debug|Any CPU.ActiveCfg = Debug|Any CPU
		{722332A6-705F-408D-8710-05C27E17357C}.Debug|Any CPU.Build.0 = Debug|Any CPU
		{722332A6-705F-408D-8710-05C27E17357C}.Release|Any CPU.ActiveCfg = Release|Any CPU
		{722332A6-705F-408D-8710-05C27E17357C}.Release|Any CPU.Build.0 = Release|Any CPU
	EndGlobalSection
	GlobalSection(SolutionProperties) = preSolution
		HideSolutionNode = FALSE
	EndGlobalSection
	GlobalSection(ExtensibilityGlobals) = postSolution
		SolutionGuid = {8684C034-D7B9-4C2A-A70F-3300CC72BE0C}
	EndGlobalSection
EndGlobal
