
Microsoft Visual Studio Solution File, Format Version 12.00
# Visual Studio Version 16
VisualStudioVersion = 16.0.33130.400
MinimumVisualStudioVersion = 10.0.40219.1
Project("{FAE04EC0-301F-11D3-BF4B-00C04F79EFBC}") = "star13", "star13.csproj", "{E4D1491D-BAA4-4CE6-BEE2-B7D87413B8DC}"
EndProject
Global
	GlobalSection(SolutionConfigurationPlatforms) = preSolution
		Debug|Any CPU = Debug|Any CPU
		Release|Any CPU = Release|Any CPU
	EndGlobalSection
	GlobalSection(ProjectConfigurationPlatforms) = postSolution
		{E4D1491D-BAA4-4CE6-BEE2-B7D87413B8DC}.Debug|Any CPU.ActiveCfg = Debug|Any CPU
		{E4D1491D-BAA4-4CE6-BEE2-B7D87413B8DC}.Debug|Any CPU.Build.0 = Debug|Any CPU
		{E4D1491D-BAA4-4CE6-BEE2-B7D87413B8DC}.Release|Any CPU.ActiveCfg = Release|Any CPU
		{E4D1491D-BAA4-4CE6-BEE2-B7D87413B8DC}.Release|Any CPU.Build.0 = Release|Any CPU
	EndGlobalSection
	GlobalSection(SolutionProperties) = preSolution
		HideSolutionNode = FALSE
	EndGlobalSection
	GlobalSection(ExtensibilityGlobals) = postSolution
		SolutionGuid = {D5330E6B-2DE1-4C02-BB27-FC0FD053E9ED}
	EndGlobalSection
EndGlobal
